// !$*UTF8*$!
{
	archiveVersion = 1;
	classes = {
	};
	objectVersion = 56;
	objects = {

/* Begin PBXBuildFile section */
		DD63D7E32911CCBE009193AF /* EditView.swift in Sources */ = {isa = PBXBuildFile; fileRef = DD63D7E22911CCBE009193AF /* EditView.swift */; };
		DD63D7E52911CD43009193AF /* ChartView.swift in Sources */ = {isa = PBXBuildFile; fileRef = DD63D7E42911CD43009193AF /* ChartView.swift */; };
		DD63D7E72911D749009193AF /* CodableFileWrite.swift in Sources */ = {isa = PBXBuildFile; fileRef = DD63D7E62911D749009193AF /* CodableFileWrite.swift */; };
		DDC3C30F2911595000391B19 /* PersistencyApp.swift in Sources */ = {isa = PBXBuildFile; fileRef = DDC3C30E2911595000391B19 /* PersistencyApp.swift */; };
		DDC3C3112911595000391B19 /* ContentView.swift in Sources */ = {isa = PBXBuildFile; fileRef = DDC3C3102911595000391B19 /* ContentView.swift */; };
		DDC3C3132911595300391B19 /* Assets.xcassets in Resources */ = {isa = PBXBuildFile; fileRef = DDC3C3122911595300391B19 /* Assets.xcassets */; };
		DDC3C3162911595300391B19 /* Preview Assets.xcassets in Resources */ = {isa = PBXBuildFile; fileRef = DDC3C3152911595300391B19 /* Preview Assets.xcassets */; };
		DDC3C3182911595300391B19 /* Persistence.swift in Sources */ = {isa = PBXBuildFile; fileRef = DDC3C3172911595300391B19 /* Persistence.swift */; };
		DDC3C31B2911595300391B19 /* Persistency.xcdatamodeld in Sources */ = {isa = PBXBuildFile; fileRef = DDC3C3192911595300391B19 /* Persistency.xcdatamodeld */; };
		DDC3C3252911595300391B19 /* PersistencyTests.swift in Sources */ = {isa = PBXBuildFile; fileRef = DDC3C3242911595300391B19 /* PersistencyTests.swift */; };
		DDC3C32F2911595300391B19 /* PersistencyUITests.swift in Sources */ = {isa = PBXBuildFile; fileRef = DDC3C32E2911595300391B19 /* PersistencyUITests.swift */; };
		DDC3C3312911595300391B19 /* PersistencyUITestsLaunchTests.swift in Sources */ = {isa = PBXBuildFile; fileRef = DDC3C3302911595300391B19 /* PersistencyUITestsLaunchTests.swift */; };
/* End PBXBuildFile section */

/* Begin PBXContainerItemProxy section */
		DDC3C3212911595300391B19 /* PBXContainerItemProxy */ = {
			isa = PBXContainerItemProxy;
			containerPortal = DDC3C3032911594F00391B19 /* Project object */;
			proxyType = 1;
			remoteGlobalIDString = DDC3C30A2911595000391B19;
			remoteInfo = Persistency;
		};
		DDC3C32B2911595300391B19 /* PBXContainerItemProxy */ = {
			isa = PBXContainerItemProxy;
			containerPortal = DDC3C3032911594F00391B19 /* Project object */;
			proxyType = 1;
			remoteGlobalIDString = DDC3C30A2911595000391B19;
			remoteInfo = Persistency;
		};
/* End PBXContainerItemProxy section */

/* Begin PBXFileReference section */
		DD63D7E22911CCBE009193AF /* EditView.swift */ = {isa = PBXFileReference; lastKnownFileType = sourcecode.swift; path = EditView.swift; sourceTree = "<group>"; };
		DD63D7E42911CD43009193AF /* ChartView.swift */ = {isa = PBXFileReference; lastKnownFileType = sourcecode.swift; path = ChartView.swift; sourceTree = "<group>"; };
		DD63D7E62911D749009193AF /* CodableFileWrite.swift */ = {isa = PBXFileReference; lastKnownFileType = sourcecode.swift; path = CodableFileWrite.swift; sourceTree = "<group>"; };
		DDC3C30B2911595000391B19 /* Persistency.app */ = {isa = PBXFileReference; explicitFileType = wrapper.application; includeInIndex = 0; path = Persistency.app; sourceTree = BUILT_PRODUCTS_DIR; };
		DDC3C30E2911595000391B19 /* PersistencyApp.swift */ = {isa = PBXFileReference; lastKnownFileType = sourcecode.swift; path = PersistencyApp.swift; sourceTree = "<group>"; };
		DDC3C3102911595000391B19 /* ContentView.swift */ = {isa = PBXFileReference; lastKnownFileType = sourcecode.swift; path = ContentView.swift; sourceTree = "<group>"; };
		DDC3C3122911595300391B19 /* Assets.xcassets */ = {isa = PBXFileReference; lastKnownFileType = folder.assetcatalog; path = Assets.xcassets; sourceTree = "<group>"; };
		DDC3C3152911595300391B19 /* Preview Assets.xcassets */ = {isa = PBXFileReference; lastKnownFileType = folder.assetcatalog; path = "Preview Assets.xcassets"; sourceTree = "<group>"; };
		DDC3C3172911595300391B19 /* Persistence.swift */ = {isa = PBXFileReference; lastKnownFileType = sourcecode.swift; path = Persistence.swift; sourceTree = "<group>"; };
		DDC3C31A2911595300391B19 /* Persistency.xcdatamodel */ = {isa = PBXFileReference; lastKnownFileType = wrapper.xcdatamodel; path = Persistency.xcdatamodel; sourceTree = "<group>"; };
		DDC3C3202911595300391B19 /* PersistencyTests.xctest */ = {isa = PBXFileReference; explicitFileType = wrapper.cfbundle; includeInIndex = 0; path = PersistencyTests.xctest; sourceTree = BUILT_PRODUCTS_DIR; };
		DDC3C3242911595300391B19 /* PersistencyTests.swift */ = {isa = PBXFileReference; lastKnownFileType = sourcecode.swift; path = PersistencyTests.swift; sourceTree = "<group>"; };
		DDC3C32A2911595300391B19 /* PersistencyUITests.xctest */ = {isa = PBXFileReference; explicitFileType = wrapper.cfbundle; includeInIndex = 0; path = PersistencyUITests.xctest; sourceTree = BUILT_PRODUCTS_DIR; };
		DDC3C32E2911595300391B19 /* PersistencyUITests.swift */ = {isa = PBXFileReference; lastKnownFileType = sourcecode.swift; path = PersistencyUITests.swift; sourceTree = "<group>"; };
		DDC3C3302911595300391B19 /* PersistencyUITestsLaunchTests.swift */ = {isa = PBXFileReference; lastKnownFileType = sourcecode.swift; path = PersistencyUITestsLaunchTests.swift; sourceTree = "<group>"; };
/* End PBXFileReference section */

/* Begin PBXFrameworksBuildPhase section */
		DDC3C3082911595000391B19 /* Frameworks */ = {
			isa = PBXFrameworksBuildPhase;
			buildActionMask = 2147483647;
			files = (
			);
			runOnlyForDeploymentPostprocessing = 0;
		};
		DDC3C31D2911595300391B19 /* Frameworks */ = {
			isa = PBXFrameworksBuildPhase;
			buildActionMask = 2147483647;
			files = (
			);
			runOnlyForDeploymentPostprocessing = 0;
		};
		DDC3C3272911595300391B19 /* Frameworks */ = {
			isa = PBXFrameworksBuildPhase;
			buildActionMask = 2147483647;
			files = (
			);
			runOnlyForDeploymentPostprocessing = 0;
		};
/* End PBXFrameworksBuildPhase section */

/* Begin PBXGroup section */
		DDC3C3022911594F00391B19 = {
			isa = PBXGroup;
			children = (
				DDC3C30D2911595000391B19 /* Persistency */,
				DDC3C3232911595300391B19 /* PersistencyTests */,
				DDC3C32D2911595300391B19 /* PersistencyUITests */,
				DDC3C30C2911595000391B19 /* Products */,
			);
			sourceTree = "<group>";
		};
		DDC3C30C2911595000391B19 /* Products */ = {
			isa = PBXGroup;
			children = (
				DDC3C30B2911595000391B19 /* Persistency.app */,
				DDC3C3202911595300391B19 /* PersistencyTests.xctest */,
				DDC3C32A2911595300391B19 /* PersistencyUITests.xctest */,
			);
			name = Products;
			sourceTree = "<group>";
		};
		DDC3C30D2911595000391B19 /* Persistency */ = {
			isa = PBXGroup;
			children = (
				DDC3C30E2911595000391B19 /* PersistencyApp.swift */,
				DDC3C3102911595000391B19 /* ContentView.swift */,
				DDC3C3122911595300391B19 /* Assets.xcassets */,
				DDC3C3172911595300391B19 /* Persistence.swift */,
				DDC3C3192911595300391B19 /* Persistency.xcdatamodeld */,
				DDC3C3142911595300391B19 /* Preview Content */,
				DD63D7E22911CCBE009193AF /* EditView.swift */,
				DD63D7E42911CD43009193AF /* ChartView.swift */,
				DD63D7E62911D749009193AF /* CodableFileWrite.swift */,
			);
			path = Persistency;
			sourceTree = "<group>";
		};
		DDC3C3142911595300391B19 /* Preview Content */ = {
			isa = PBXGroup;
			children = (
				DDC3C3152911595300391B19 /* Preview Assets.xcassets */,
			);
			path = "Preview Content";
			sourceTree = "<group>";
		};
		DDC3C3232911595300391B19 /* PersistencyTests */ = {
			isa = PBXGroup;
			children = (
				DDC3C3242911595300391B19 /* PersistencyTests.swift */,
			);
			path = PersistencyTests;
			sourceTree = "<group>";
		};
		DDC3C32D2911595300391B19 /* PersistencyUITests */ = {
			isa = PBXGroup;
			children = (
				DDC3C32E2911595300391B19 /* PersistencyUITests.swift */,
				DDC3C3302911595300391B19 /* PersistencyUITestsLaunchTests.swift */,
			);
			path = PersistencyUITests;
			sourceTree = "<group>";
		};
/* End PBXGroup section */

/* Begin PBXNativeTarget section */
		DDC3C30A2911595000391B19 /* Persistency */ = {
			isa = PBXNativeTarget;
			buildConfigurationList = DDC3C3342911595300391B19 /* Build configuration list for PBXNativeTarget "Persistency" */;
			buildPhases = (
				DDC3C3072911595000391B19 /* Sources */,
				DDC3C3082911595000391B19 /* Frameworks */,
				DDC3C3092911595000391B19 /* Resources */,
			);
			buildRules = (
			);
			dependencies = (
			);
			name = Persistency;
			productName = Persistency;
			productReference = DDC3C30B2911595000391B19 /* Persistency.app */;
			productType = "com.apple.product-type.application";
		};
		DDC3C31F2911595300391B19 /* PersistencyTests */ = {
			isa = PBXNativeTarget;
			buildConfigurationList = DDC3C3372911595300391B19 /* Build configuration list for PBXNativeTarget "PersistencyTests" */;
			buildPhases = (
				DDC3C31C2911595300391B19 /* Sources */,
				DDC3C31D2911595300391B19 /* Frameworks */,
				DDC3C31E2911595300391B19 /* Resources */,
			);
			buildRules = (
			);
			dependencies = (
				DDC3C3222911595300391B19 /* PBXTargetDependency */,
			);
			name = PersistencyTests;
			productName = PersistencyTests;
			productReference = DDC3C3202911595300391B19 /* PersistencyTests.xctest */;
			productType = "com.apple.product-type.bundle.unit-test";
		};
		DDC3C3292911595300391B19 /* PersistencyUITests */ = {
			isa = PBXNativeTarget;
			buildConfigurationList = DDC3C33A2911595300391B19 /* Build configuration list for PBXNativeTarget "PersistencyUITests" */;
			buildPhases = (
				DDC3C3262911595300391B19 /* Sources */,
				DDC3C3272911595300391B19 /* Frameworks */,
				DDC3C3282911595300391B19 /* Resources */,
			);
			buildRules = (
			);
			dependencies = (
				DDC3C32C2911595300391B19 /* PBXTargetDependency */,
			);
			name = PersistencyUITests;
			productName = PersistencyUITests;
			productReference = DDC3C32A2911595300391B19 /* PersistencyUITests.xctest */;
			productType = "com.apple.product-type.bundle.ui-testing";
		};
/* End PBXNativeTarget section */

/* Begin PBXProject section */
		DDC3C3032911594F00391B19 /* Project object */ = {
			isa = PBXProject;
			attributes = {
				BuildIndependentTargetsInParallel = 1;
				LastSwiftUpdateCheck = 1410;
				LastUpgradeCheck = 1410;
				TargetAttributes = {
					DDC3C30A2911595000391B19 = {
						CreatedOnToolsVersion = 14.1;
					};
					DDC3C31F2911595300391B19 = {
						CreatedOnToolsVersion = 14.1;
						TestTargetID = DDC3C30A2911595000391B19;
					};
					DDC3C3292911595300391B19 = {
						CreatedOnToolsVersion = 14.1;
						TestTargetID = DDC3C30A2911595000391B19;
					};
				};
			};
			buildConfigurationList = DDC3C3062911594F00391B19 /* Build configuration list for PBXProject "Persistency" */;
			compatibilityVersion = "Xcode 14.0";
			developmentRegion = en;
			hasScannedForEncodings = 0;
			knownRegions = (
				en,
				Base,
			);
			mainGroup = DDC3C3022911594F00391B19;
			productRefGroup = DDC3C30C2911595000391B19 /* Products */;
			projectDirPath = "";
			projectRoot = "";
			targets = (
				DDC3C30A2911595000391B19 /* Persistency */,
				DDC3C31F2911595300391B19 /* PersistencyTests */,
				DDC3C3292911595300391B19 /* PersistencyUITests */,
			);
		};
/* End PBXProject section */

/* Begin PBXResourcesBuildPhase section */
		DDC3C3092911595000391B19 /* Resources */ = {
			isa = PBXResourcesBuildPhase;
			buildActionMask = 2147483647;
			files = (
				DDC3C3162911595300391B19 /* Preview Assets.xcassets in Resources */,
				DDC3C3132911595300391B19 /* Assets.xcassets in Resources */,
			);
			runOnlyForDeploymentPostprocessing = 0;
		};
		DDC3C31E2911595300391B19 /* Resources */ = {
			isa = PBXResourcesBuildPhase;
			buildActionMask = 2147483647;
			files = (
			);
			runOnlyForDeploymentPostprocessing = 0;
		};
		DDC3C3282911595300391B19 /* Resources */ = {
			isa = PBXResourcesBuildPhase;
			buildActionMask = 2147483647;
			files = (
			);
			runOnlyForDeploymentPostprocessing = 0;
		};
/* End PBXResourcesBuildPhase section */

/* Begin PBXSourcesBuildPhase section */
		DDC3C3072911595000391B19 /* Sources */ = {
			isa = PBXSourcesBuildPhase;
			buildActionMask = 2147483647;
			files = (
				DDC3C3182911595300391B19 /* Persistence.swift in Sources */,
				DD63D7E32911CCBE009193AF /* EditView.swift in Sources */,
				DD63D7E72911D749009193AF /* CodableFileWrite.swift in Sources */,
				DDC3C31B2911595300391B19 /* Persistency.xcdatamodeld in Sources */,
				DDC3C3112911595000391B19 /* ContentView.swift in Sources */,
				DDC3C30F2911595000391B19 /* PersistencyApp.swift in Sources */,
				DD63D7E52911CD43009193AF /* ChartView.swift in Sources */,
			);
			runOnlyForDeploymentPostprocessing = 0;
		};
		DDC3C31C2911595300391B19 /* Sources */ = {
			isa = PBXSourcesBuildPhase;
			buildActionMask = 2147483647;
			files = (
				DDC3C3252911595300391B19 /* PersistencyTests.swift in Sources */,
			);
			runOnlyForDeploymentPostprocessing = 0;
		};
		DDC3C3262911595300391B19 /* Sources */ = {
			isa = PBXSourcesBuildPhase;
			buildActionMask = 2147483647;
			files = (
				DDC3C3312911595300391B19 /* PersistencyUITestsLaunchTests.swift in Sources */,
				DDC3C32F2911595300391B19 /* PersistencyUITests.swift in Sources */,
			);
			runOnlyForDeploymentPostprocessing = 0;
		};
/* End PBXSourcesBuildPhase section */

/* Begin PBXTargetDependency section */
		DDC3C3222911595300391B19 /* PBXTargetDependency */ = {
			isa = PBXTargetDependency;
			target = DDC3C30A2911595000391B19 /* Persistency */;
			targetProxy = DDC3C3212911595300391B19 /* PBXContainerItemProxy */;
		};
		DDC3C32C2911595300391B19 /* PBXTargetDependency */ = {
			isa = PBXTargetDependency;
			target = DDC3C30A2911595000391B19 /* Persistency */;
			targetProxy = DDC3C32B2911595300391B19 /* PBXContainerItemProxy */;
		};
/* End PBXTargetDependency section */

/* Begin XCBuildConfiguration section */
		DDC3C3322911595300391B19 /* Debug */ = {
			isa = XCBuildConfiguration;
			buildSettings = {
				ALWAYS_SEARCH_USER_PATHS = NO;
				CLANG_ANALYZER_NONNULL = YES;
				CLANG_ANALYZER_NUMBER_OBJECT_CONVERSION = YES_AGGRESSIVE;
				CLANG_CXX_LANGUAGE_STANDARD = "gnu++20";
				CLANG_ENABLE_MODULES = YES;
				CLANG_ENABLE_OBJC_ARC = YES;
				CLANG_ENABLE_OBJC_WEAK = YES;
				CLANG_WARN_BLOCK_CAPTURE_AUTORELEASING = YES;
				CLANG_WARN_BOOL_CONVERSION = YES;
				CLANG_WARN_COMMA = YES;
				CLANG_WARN_CONSTANT_CONVERSION = YES;
				CLANG_WARN_DEPRECATED_OBJC_IMPLEMENTATIONS = YES;
				CLANG_WARN_DIRECT_OBJC_ISA_USAGE = YES_ERROR;
				CLANG_WARN_DOCUMENTATION_COMMENTS = YES;
				CLANG_WARN_EMPTY_BODY = YES;
				CLANG_WARN_ENUM_CONVERSION = YES;
				CLANG_WARN_INFINITE_RECURSION = YES;
				CLANG_WARN_INT_CONVERSION = YES;
				CLANG_WARN_NON_LITERAL_NULL_CONVERSION = YES;
				CLANG_WARN_OBJC_IMPLICIT_RETAIN_SELF = YES;
				CLANG_WARN_OBJC_LITERAL_CONVERSION = YES;
				CLANG_WARN_OBJC_ROOT_CLASS = YES_ERROR;
				CLANG_WARN_QUOTED_INCLUDE_IN_FRAMEWORK_HEADER = YES;
				CLANG_WARN_RANGE_LOOP_ANALYSIS = YES;
				CLANG_WARN_STRICT_PROTOTYPES = YES;
				CLANG_WARN_SUSPICIOUS_MOVE = YES;
				CLANG_WARN_UNGUARDED_AVAILABILITY = YES_AGGRESSIVE;
				CLANG_WARN_UNREACHABLE_CODE = YES;
				CLANG_WARN__DUPLICATE_METHOD_MATCH = YES;
				COPY_PHASE_STRIP = NO;
				DEBUG_INFORMATION_FORMAT = dwarf;
				ENABLE_STRICT_OBJC_MSGSEND = YES;
				ENABLE_TESTABILITY = YES;
				GCC_C_LANGUAGE_STANDARD = gnu11;
				GCC_DYNAMIC_NO_PIC = NO;
				GCC_NO_COMMON_BLOCKS = YES;
				GCC_OPTIMIZATION_LEVEL = 0;
				GCC_PREPROCESSOR_DEFINITIONS = (
					"DEBUG=1",
					"$(inherited)",
				);
				GCC_WARN_64_TO_32_BIT_CONVERSION = YES;
				GCC_WARN_ABOUT_RETURN_TYPE = YES_ERROR;
				GCC_WARN_UNDECLARED_SELECTOR = YES;
				GCC_WARN_UNINITIALIZED_AUTOS = YES_AGGRESSIVE;
				GCC_WARN_UNUSED_FUNCTION = YES;
				GCC_WARN_UNUSED_VARIABLE = YES;
				IPHONEOS_DEPLOYMENT_TARGET = 16.1;
				MTL_ENABLE_DEBUG_INFO = INCLUDE_SOURCE;
				MTL_FAST_MATH = YES;
				ONLY_ACTIVE_ARCH = YES;
				SDKROOT = iphoneos;
				SWIFT_ACTIVE_COMPILATION_CONDITIONS = DEBUG;
				SWIFT_OPTIMIZATION_LEVEL = "-Onone";
			};
			name = Debug;
		};
		DDC3C3332911595300391B19 /* Release */ = {
			isa = XCBuildConfiguration;
			buildSettings = {
				ALWAYS_SEARCH_USER_PATHS = NO;
				CLANG_ANALYZER_NONNULL = YES;
				CLANG_ANALYZER_NUMBER_OBJECT_CONVERSION = YES_AGGRESSIVE;
				CLANG_CXX_LANGUAGE_STANDARD = "gnu++20";
				CLANG_ENABLE_MODULES = YES;
				CLANG_ENABLE_OBJC_ARC = YES;
				CLANG_ENABLE_OBJC_WEAK = YES;
				CLANG_WARN_BLOCK_CAPTURE_AUTORELEASING = YES;
				CLANG_WARN_BOOL_CONVERSION = YES;
				CLANG_WARN_COMMA = YES;
				CLANG_WARN_CONSTANT_CONVERSION = YES;
				CLANG_WARN_DEPRECATED_OBJC_IMPLEMENTATIONS = YES;
				CLANG_WARN_DIRECT_OBJC_ISA_USAGE = YES_ERROR;
				CLANG_WARN_DOCUMENTATION_COMMENTS = YES;
				CLANG_WARN_EMPTY_BODY = YES;
				CLANG_WARN_ENUM_CONVERSION = YES;
				CLANG_WARN_INFINITE_RECURSION = YES;
				CLANG_WARN_INT_CONVERSION = YES;
				CLANG_WARN_NON_LITERAL_NULL_CONVERSION = YES;
				CLANG_WARN_OBJC_IMPLICIT_RETAIN_SELF = YES;
				CLANG_WARN_OBJC_LITERAL_CONVERSION = YES;
				CLANG_WARN_OBJC_ROOT_CLASS = YES_ERROR;
				CLANG_WARN_QUOTED_INCLUDE_IN_FRAMEWORK_HEADER = YES;
				CLANG_WARN_RANGE_LOOP_ANALYSIS = YES;
				CLANG_WARN_STRICT_PROTOTYPES = YES;
				CLANG_WARN_SUSPICIOUS_MOVE = YES;
				CLANG_WARN_UNGUARDED_AVAILABILITY = YES_AGGRESSIVE;
				CLANG_WARN_UNREACHABLE_CODE = YES;
				CLANG_WARN__DUPLICATE_METHOD_MATCH = YES;
				COPY_PHASE_STRIP = NO;
				DEBUG_INFORMATION_FORMAT = "dwarf-with-dsym";
				ENABLE_NS_ASSERTIONS = NO;
				ENABLE_STRICT_OBJC_MSGSEND = YES;
				GCC_C_LANGUAGE_STANDARD = gnu11;
				GCC_NO_COMMON_BLOCKS = YES;
				GCC_WARN_64_TO_32_BIT_CONVERSION = YES;
				GCC_WARN_ABOUT_RETURN_TYPE = YES_ERROR;
				GCC_WARN_UNDECLARED_SELECTOR = YES;
				GCC_WARN_UNINITIALIZED_AUTOS = YES_AGGRESSIVE;
				GCC_WARN_UNUSED_FUNCTION = YES;
				GCC_WARN_UNUSED_VARIABLE = YES;
				IPHONEOS_DEPLOYMENT_TARGET = 16.1;
				MTL_ENABLE_DEBUG_INFO = NO;
				MTL_FAST_MATH = YES;
				SDKROOT = iphoneos;
				SWIFT_COMPILATION_MODE = wholemodule;
				SWIFT_OPTIMIZATION_LEVEL = "-O";
				VALIDATE_PRODUCT = YES;
			};
			name = Release;
		};
		DDC3C3352911595300391B19 /* Debug */ = {
			isa = XCBuildConfiguration;
			buildSettings = {
				ASSETCATALOG_COMPILER_APPICON_NAME = AppIcon;
				ASSETCATALOG_COMPILER_GLOBAL_ACCENT_COLOR_NAME = AccentColor;
				CODE_SIGN_STYLE = Automatic;
				CURRENT_PROJECT_VERSION = 1;
				DEVELOPMENT_ASSET_PATHS = "\"Persistency/Preview Content\"";
				ENABLE_PREVIEWS = YES;
				GENERATE_INFOPLIST_FILE = YES;
				INFOPLIST_KEY_UIApplicationSceneManifest_Generation = YES;
				INFOPLIST_KEY_UIApplicationSupportsIndirectInputEvents = YES;
				INFOPLIST_KEY_UILaunchScreen_Generation = YES;
				INFOPLIST_KEY_UISupportedInterfaceOrientations_iPad = "UIInterfaceOrientationPortrait UIInterfaceOrientationPortraitUpsideDown UIInterfaceOrientationLandscapeLeft UIInterfaceOrientationLandscapeRight";
				INFOPLIST_KEY_UISupportedInterfaceOrientations_iPhone = "UIInterfaceOrientationPortrait UIInterfaceOrientationLandscapeLeft UIInterfaceOrientationLandscapeRight";
				LD_RUNPATH_SEARCH_PATHS = (
					"$(inherited)",
					"@executable_path/Frameworks",
				);
				MARKETING_VERSION = 1.0;
				PRODUCT_BUNDLE_IDENTIFIER = ch.hslu.ios.Persistency;
				PRODUCT_NAME = "$(TARGET_NAME)";
				SWIFT_EMIT_LOC_STRINGS = YES;
				SWIFT_VERSION = 5.0;
				TARGETED_DEVICE_FAMILY = "1,2";
			};
			name = Debug;
		};
		DDC3C3362911595300391B19 /* Release */ = {
			isa = XCBuildConfiguration;
			buildSettings = {
				ASSETCATALOG_COMPILER_APPICON_NAME = AppIcon;
				ASSETCATALOG_COMPILER_GLOBAL_ACCENT_COLOR_NAME = AccentColor;
				CODE_SIGN_STYLE = Automatic;
				CURRENT_PROJECT_VERSION = 1;
				DEVELOPMENT_ASSET_PATHS = "\"Persistency/Preview Content\"";
				ENABLE_PREVIEWS = YES;
				GENERATE_INFOPLIST_FILE = YES;
				INFOPLIST_KEY_UIApplicationSceneManifest_Generation = YES;
				INFOPLIST_KEY_UIApplicationSupportsIndirectInputEvents = YES;
				INFOPLIST_KEY_UILaunchScreen_Generation = YES;
				INFOPLIST_KEY_UISupportedInterfaceOrientations_iPad = "UIInterfaceOrientationPortrait UIInterfaceOrientationPortraitUpsideDown UIInterfaceOrientationLandscapeLeft UIInterfaceOrientationLandscapeRight";
				INFOPLIST_KEY_UISupportedInterfaceOrientations_iPhone = "UIInterfaceOrientationPortrait UIInterfaceOrientationLandscapeLeft UIInterfaceOrientationLandscapeRight";
				LD_RUNPATH_SEARCH_PATHS = (
					"$(inherited)",
					"@executable_path/Frameworks",
				);
				MARKETING_VERSION = 1.0;
				PRODUCT_BUNDLE_IDENTIFIER = ch.hslu.ios.Persistency;
				PRODUCT_NAME = "$(TARGET_NAME)";
				SWIFT_EMIT_LOC_STRINGS = YES;
				SWIFT_VERSION = 5.0;
				TARGETED_DEVICE_FAMILY = "1,2";
			};
			name = Release;
		};
		DDC3C3382911595300391B19 /* Debug */ = {
			isa = XCBuildConfiguration;
			buildSettings = {
				ALWAYS_EMBED_SWIFT_STANDARD_LIBRARIES = YES;
				BUNDLE_LOADER = "$(TEST_HOST)";
				CODE_SIGN_STYLE = Automatic;
				CURRENT_PROJECT_VERSION = 1;
				GENERATE_INFOPLIST_FILE = YES;
				IPHONEOS_DEPLOYMENT_TARGET = 16.1;
				MARKETING_VERSION = 1.0;
				PRODUCT_BUNDLE_IDENTIFIER = ch.hslu.ios.PersistencyTests;
				PRODUCT_NAME = "$(TARGET_NAME)";
				SWIFT_EMIT_LOC_STRINGS = NO;
				SWIFT_VERSION = 5.0;
				TARGETED_DEVICE_FAMILY = "1,2";
				TEST_HOST = "$(BUILT_PRODUCTS_DIR)/Persistency.app/$(BUNDLE_EXECUTABLE_FOLDER_PATH)/Persistency";
			};
			name = Debug;
		};
		DDC3C3392911595300391B19 /* Release */ = {
			isa = XCBuildConfiguration;
			buildSettings = {
				ALWAYS_EMBED_SWIFT_STANDARD_LIBRARIES = YES;
				BUNDLE_LOADER = "$(TEST_HOST)";
				CODE_SIGN_STYLE = Automatic;
				CURRENT_PROJECT_VERSION = 1;
				GENERATE_INFOPLIST_FILE = YES;
				IPHONEOS_DEPLOYMENT_TARGET = 16.1;
				MARKETING_VERSION = 1.0;
				PRODUCT_BUNDLE_IDENTIFIER = ch.hslu.ios.PersistencyTests;
				PRODUCT_NAME = "$(TARGET_NAME)";
				SWIFT_EMIT_LOC_STRINGS = NO;
				SWIFT_VERSION = 5.0;
				TARGETED_DEVICE_FAMILY = "1,2";
				TEST_HOST = "$(BUILT_PRODUCTS_DIR)/Persistency.app/$(BUNDLE_EXECUTABLE_FOLDER_PATH)/Persistency";
			};
			name = Release;
		};
		DDC3C33B2911595300391B19 /* Debug */ = {
			isa = XCBuildConfiguration;
			buildSettings = {
				ALWAYS_EMBED_SWIFT_STANDARD_LIBRARIES = YES;
				CODE_SIGN_STYLE = Automatic;
				CURRENT_PROJECT_VERSION = 1;
				GENERATE_INFOPLIST_FILE = YES;
				MARKETING_VERSION = 1.0;
				PRODUCT_BUNDLE_IDENTIFIER = ch.hslu.ios.PersistencyUITests;
				PRODUCT_NAME = "$(TARGET_NAME)";
				SWIFT_EMIT_LOC_STRINGS = NO;
				SWIFT_VERSION = 5.0;
				TARGETED_DEVICE_FAMILY = "1,2";
				TEST_TARGET_NAME = Persistency;
			};
			name = Debug;
		};
		DDC3C33C2911595300391B19 /* Release */ = {
			isa = XCBuildConfiguration;
			buildSettings = {
				ALWAYS_EMBED_SWIFT_STANDARD_LIBRARIES = YES;
				CODE_SIGN_STYLE = Automatic;
				CURRENT_PROJECT_VERSION = 1;
				GENERATE_INFOPLIST_FILE = YES;
				MARKETING_VERSION = 1.0;
				PRODUCT_BUNDLE_IDENTIFIER = ch.hslu.ios.PersistencyUITests;
				PRODUCT_NAME = "$(TARGET_NAME)";
				SWIFT_EMIT_LOC_STRINGS = NO;
				SWIFT_VERSION = 5.0;
				TARGETED_DEVICE_FAMILY = "1,2";
				TEST_TARGET_NAME = Persistency;
			};
			name = Release;
		};
/* End XCBuildConfiguration section */

/* Begin XCConfigurationList section */
		DDC3C3062911594F00391B19 /* Build configuration list for PBXProject "Persistency" */ = {
			isa = XCConfigurationList;
			buildConfigurations = (
				DDC3C3322911595300391B19 /* Debug */,
				DDC3C3332911595300391B19 /* Release */,
			);
			defaultConfigurationIsVisible = 0;
			defaultConfigurationName = Release;
		};
		DDC3C3342911595300391B19 /* Build configuration list for PBXNativeTarget "Persistency" */ = {
			isa = XCConfigurationList;
			buildConfigurations = (
				DDC3C3352911595300391B19 /* Debug */,
				DDC3C3362911595300391B19 /* Release */,
			);
			defaultConfigurationIsVisible = 0;
			defaultConfigurationName = Release;
		};
		DDC3C3372911595300391B19 /* Build configuration list for PBXNativeTarget "PersistencyTests" */ = {
			isa = XCConfigurationList;
			buildConfigurations = (
				DDC3C3382911595300391B19 /* Debug */,
				DDC3C3392911595300391B19 /* Release */,
			);
			defaultConfigurationIsVisible = 0;
			defaultConfigurationName = Release;
		};
		DDC3C33A2911595300391B19 /* Build configuration list for PBXNativeTarget "PersistencyUITests" */ = {
			isa = XCConfigurationList;
			buildConfigurations = (
				DDC3C33B2911595300391B19 /* Debug */,
				DDC3C33C2911595300391B19 /* Release */,
			);
			defaultConfigurationIsVisible = 0;
			defaultConfigurationName = Release;
		};
/* End XCConfigurationList section */

/* Begin XCVersionGroup section */
		DDC3C3192911595300391B19 /* Persistency.xcdatamodeld */ = {
			isa = XCVersionGroup;
			children = (
				DDC3C31A2911595300391B19 /* Persistency.xcdatamodel */,
			);
			currentVersion = DDC3C31A2911595300391B19 /* Persistency.xcdatamodel */;
			path = Persistency.xcdatamodeld;
			sourceTree = "<group>";
			versionGroupType = wrapper.xcdatamodel;
		};
/* End XCVersionGroup section */
	};
	rootObject = DDC3C3032911594F00391B19 /* Project object */;
}
