// !$*UTF8*$!
{
	archiveVersion = 1;
	classes = {
	};
	objectVersion = 56;
	objects = {

/* Begin PBXBuildFile section */
		DDB63EA228F33FE400AF553E /* ScrumdingerApp.swift in Sources */ = {isa = PBXBuildFile; fileRef = DDB63EA128F33FE400AF553E /* ScrumdingerApp.swift */; };
		DDB63EA628F33FE600AF553E /* Assets.xcassets in Resources */ = {isa = PBXBuildFile; fileRef = DDB63EA528F33FE600AF553E /* Assets.xcassets */; };
		DDB63EA928F33FE600AF553E /* Preview Assets.xcassets in Resources */ = {isa = PBXBuildFile; fileRef = DDB63EA828F33FE600AF553E /* Preview Assets.xcassets */; };
		DDB63EB128F3438D00AF553E /* Theme.swift in Sources */ = {isa = PBXBuildFile; fileRef = DDB63EB028F3438D00AF553E /* Theme.swift */; };
		DDB63EB528F344E700AF553E /* AVPlayer+Ding.swift in Sources */ = {isa = PBXBuildFile; fileRef = DDB63EB428F344E700AF553E /* AVPlayer+Ding.swift */; };
		DDB63EB728F345B100AF553E /* DailyScrum.swift in Sources */ = {isa = PBXBuildFile; fileRef = DDB63EB628F345B100AF553E /* DailyScrum.swift */; };
		DDB63EB928F345CC00AF553E /* ErrorWrapper.swift in Sources */ = {isa = PBXBuildFile; fileRef = DDB63EB828F345CC00AF553E /* ErrorWrapper.swift */; };
		DDB63EBD28F3460500AF553E /* History.swift in Sources */ = {isa = PBXBuildFile; fileRef = DDB63EBC28F3460500AF553E /* History.swift */; };
		DDB63EBF28F3467400AF553E /* ScrumStore.swift in Sources */ = {isa = PBXBuildFile; fileRef = DDB63EBE28F3467400AF553E /* ScrumStore.swift */; };
		DDB63EC128F350A000AF553E /* ScrumTimer.swift in Sources */ = {isa = PBXBuildFile; fileRef = DDB63EC028F3509F00AF553E /* ScrumTimer.swift */; };
		DDB63EC328F3521A00AF553E /* ErrorView.swift in Sources */ = {isa = PBXBuildFile; fileRef = DDB63EC228F3521A00AF553E /* ErrorView.swift */; };
		DDB63EC528F3523C00AF553E /* CardView.swift in Sources */ = {isa = PBXBuildFile; fileRef = DDB63EC428F3523C00AF553E /* CardView.swift */; };
		DDB63EC728F3526C00AF553E /* DetailedEditView.swift in Sources */ = {isa = PBXBuildFile; fileRef = DDB63EC628F3526C00AF553E /* DetailedEditView.swift */; };
		DDB63EC928F352A700AF553E /* ThemePicker.swift in Sources */ = {isa = PBXBuildFile; fileRef = DDB63EC828F352A700AF553E /* ThemePicker.swift */; };
		DDB63ECB28F352DD00AF553E /* DetailView.swift in Sources */ = {isa = PBXBuildFile; fileRef = DDB63ECA28F352DD00AF553E /* DetailView.swift */; };
		DDB63ECD28F3530800AF553E /* MeetingFooterView.swift in Sources */ = {isa = PBXBuildFile; fileRef = DDB63ECC28F3530800AF553E /* MeetingFooterView.swift */; };
		DDB63ECF28F3533300AF553E /* MeetingHeaderView.swift in Sources */ = {isa = PBXBuildFile; fileRef = DDB63ECE28F3533300AF553E /* MeetingHeaderView.swift */; };
		DDB63ED128F3536500AF553E /* MeetingTimerView.swift in Sources */ = {isa = PBXBuildFile; fileRef = DDB63ED028F3536500AF553E /* MeetingTimerView.swift */; };
		DDB63ED328F353CF00AF553E /* MeetingView.swift in Sources */ = {isa = PBXBuildFile; fileRef = DDB63ED228F353CF00AF553E /* MeetingView.swift */; };
		DDB63ED528F353F800AF553E /* ScrumProgressViewStyle.swift in Sources */ = {isa = PBXBuildFile; fileRef = DDB63ED428F353F800AF553E /* ScrumProgressViewStyle.swift */; };
		DDB63ED728F3548700AF553E /* ScrumView.swift in Sources */ = {isa = PBXBuildFile; fileRef = DDB63ED628F3548700AF553E /* ScrumView.swift */; };
		DDB63ED928F354D800AF553E /* SpeakerARC.swift in Sources */ = {isa = PBXBuildFile; fileRef = DDB63ED828F354D800AF553E /* SpeakerARC.swift */; };
		DDB63EDB28F3551C00AF553E /* ThemeView.swift in Sources */ = {isa = PBXBuildFile; fileRef = DDB63EDA28F3551C00AF553E /* ThemeView.swift */; };
		DDB63EDD28F3555C00AF553E /* TrailingIconLabelStyle.swift in Sources */ = {isa = PBXBuildFile; fileRef = DDB63EDC28F3555C00AF553E /* TrailingIconLabelStyle.swift */; };
		DDB63EDF28F3643700AF553E /* SpeechRecognizer.swift in Sources */ = {isa = PBXBuildFile; fileRef = DDB63EDE28F3643700AF553E /* SpeechRecognizer.swift */; };
		DDB63EE128F36C8500AF553E /* ding.wav in Resources */ = {isa = PBXBuildFile; fileRef = DDB63EE028F36C8500AF553E /* ding.wav */; };
		DDB63EE528F36DBC00AF553E /* HistoryView.swift in Sources */ = {isa = PBXBuildFile; fileRef = DDB63EE428F36DBC00AF553E /* HistoryView.swift */; };
/* End PBXBuildFile section */

/* Begin PBXFileReference section */
		DDB63E9E28F33FE400AF553E /* Scrumdinger.app */ = {isa = PBXFileReference; explicitFileType = wrapper.application; includeInIndex = 0; path = Scrumdinger.app; sourceTree = BUILT_PRODUCTS_DIR; };
		DDB63EA128F33FE400AF553E /* ScrumdingerApp.swift */ = {isa = PBXFileReference; lastKnownFileType = sourcecode.swift; path = ScrumdingerApp.swift; sourceTree = "<group>"; };
		DDB63EA528F33FE600AF553E /* Assets.xcassets */ = {isa = PBXFileReference; lastKnownFileType = folder.assetcatalog; path = Assets.xcassets; sourceTree = "<group>"; };
		DDB63EA828F33FE600AF553E /* Preview Assets.xcassets */ = {isa = PBXFileReference; lastKnownFileType = folder.assetcatalog; path = "Preview Assets.xcassets"; sourceTree = "<group>"; };
		DDB63EB028F3438D00AF553E /* Theme.swift */ = {isa = PBXFileReference; lastKnownFileType = sourcecode.swift; path = Theme.swift; sourceTree = "<group>"; };
		DDB63EB428F344E700AF553E /* AVPlayer+Ding.swift */ = {isa = PBXFileReference; lastKnownFileType = sourcecode.swift; path = "AVPlayer+Ding.swift"; sourceTree = "<group>"; };
		DDB63EB628F345B100AF553E /* DailyScrum.swift */ = {isa = PBXFileReference; lastKnownFileType = sourcecode.swift; path = DailyScrum.swift; sourceTree = "<group>"; };
		DDB63EB828F345CC00AF553E /* ErrorWrapper.swift */ = {isa = PBXFileReference; lastKnownFileType = sourcecode.swift; path = ErrorWrapper.swift; sourceTree = "<group>"; };
		DDB63EBC28F3460500AF553E /* History.swift */ = {isa = PBXFileReference; lastKnownFileType = sourcecode.swift; path = History.swift; sourceTree = "<group>"; };
		DDB63EBE28F3467400AF553E /* ScrumStore.swift */ = {isa = PBXFileReference; lastKnownFileType = sourcecode.swift; path = ScrumStore.swift; sourceTree = "<group>"; };
		DDB63EC028F3509F00AF553E /* ScrumTimer.swift */ = {isa = PBXFileReference; lastKnownFileType = sourcecode.swift; path = ScrumTimer.swift; sourceTree = "<group>"; };
		DDB63EC228F3521A00AF553E /* ErrorView.swift */ = {isa = PBXFileReference; lastKnownFileType = sourcecode.swift; path = ErrorView.swift; sourceTree = "<group>"; };
		DDB63EC428F3523C00AF553E /* CardView.swift */ = {isa = PBXFileReference; lastKnownFileType = sourcecode.swift; path = CardView.swift; sourceTree = "<group>"; };
		DDB63EC628F3526C00AF553E /* DetailedEditView.swift */ = {isa = PBXFileReference; lastKnownFileType = sourcecode.swift; path = DetailedEditView.swift; sourceTree = "<group>"; };
		DDB63EC828F352A700AF553E /* ThemePicker.swift */ = {isa = PBXFileReference; lastKnownFileType = sourcecode.swift; path = ThemePicker.swift; sourceTree = "<group>"; };
		DDB63ECA28F352DD00AF553E /* DetailView.swift */ = {isa = PBXFileReference; lastKnownFileType = sourcecode.swift; path = DetailView.swift; sourceTree = "<group>"; };
		DDB63ECC28F3530800AF553E /* MeetingFooterView.swift */ = {isa = PBXFileReference; lastKnownFileType = sourcecode.swift; path = MeetingFooterView.swift; sourceTree = "<group>"; };
		DDB63ECE28F3533300AF553E /* MeetingHeaderView.swift */ = {isa = PBXFileReference; lastKnownFileType = sourcecode.swift; path = MeetingHeaderView.swift; sourceTree = "<group>"; };
		DDB63ED028F3536500AF553E /* MeetingTimerView.swift */ = {isa = PBXFileReference; lastKnownFileType = sourcecode.swift; path = MeetingTimerView.swift; sourceTree = "<group>"; };
		DDB63ED228F353CF00AF553E /* MeetingView.swift */ = {isa = PBXFileReference; lastKnownFileType = sourcecode.swift; path = MeetingView.swift; sourceTree = "<group>"; };
		DDB63ED428F353F800AF553E /* ScrumProgressViewStyle.swift */ = {isa = PBXFileReference; lastKnownFileType = sourcecode.swift; path = ScrumProgressViewStyle.swift; sourceTree = "<group>"; };
		DDB63ED628F3548700AF553E /* ScrumView.swift */ = {isa = PBXFileReference; lastKnownFileType = sourcecode.swift; path = ScrumView.swift; sourceTree = "<group>"; };
		DDB63ED828F354D800AF553E /* SpeakerARC.swift */ = {isa = PBXFileReference; lastKnownFileType = sourcecode.swift; path = SpeakerARC.swift; sourceTree = "<group>"; };
		DDB63EDA28F3551C00AF553E /* ThemeView.swift */ = {isa = PBXFileReference; lastKnownFileType = sourcecode.swift; path = ThemeView.swift; sourceTree = "<group>"; };
		DDB63EDC28F3555C00AF553E /* TrailingIconLabelStyle.swift */ = {isa = PBXFileReference; lastKnownFileType = sourcecode.swift; path = TrailingIconLabelStyle.swift; sourceTree = "<group>"; };
		DDB63EDE28F3643700AF553E /* SpeechRecognizer.swift */ = {isa = PBXFileReference; lastKnownFileType = sourcecode.swift; path = SpeechRecognizer.swift; sourceTree = "<group>"; };
		DDB63EE028F36C8500AF553E /* ding.wav */ = {isa = PBXFileReference; lastKnownFileType = audio.wav; name = ding.wav; path = ../../../../Downloads/TranscribingSpeechToText/StartingProject/Scrumdinger/Resources/ding.wav; sourceTree = "<group>"; };
		DDB63EE328F36C9700AF553E /* ding.wav */ = {isa = PBXFileReference; lastKnownFileType = audio.wav; path = ding.wav; sourceTree = "<group>"; };
		DDB63EE428F36DBC00AF553E /* HistoryView.swift */ = {isa = PBXFileReference; lastKnownFileType = sourcecode.swift; path = HistoryView.swift; sourceTree = "<group>"; };
/* End PBXFileReference section */

/* Begin PBXFrameworksBuildPhase section */
		DDB63E9B28F33FE400AF553E /* Frameworks */ = {
			isa = PBXFrameworksBuildPhase;
			buildActionMask = 2147483647;
			files = (
			);
			runOnlyForDeploymentPostprocessing = 0;
		};
/* End PBXFrameworksBuildPhase section */

/* Begin PBXGroup section */
		DDB63E9528F33FE400AF553E = {
			isa = PBXGroup;
			children = (
				DDB63EA028F33FE400AF553E /* Scrumdinger */,
				DDB63E9F28F33FE400AF553E /* Products */,
			);
			sourceTree = "<group>";
		};
		DDB63E9F28F33FE400AF553E /* Products */ = {
			isa = PBXGroup;
			children = (
				DDB63E9E28F33FE400AF553E /* Scrumdinger.app */,
			);
			name = Products;
			sourceTree = "<group>";
		};
		DDB63EA028F33FE400AF553E /* Scrumdinger */ = {
			isa = PBXGroup;
			children = (
				DDB63EE228F36C8E00AF553E /* Resources */,
				DDB63EAF28F3437600AF553E /* Models */,
				DDB63EA128F33FE400AF553E /* ScrumdingerApp.swift */,
				DDB63EA528F33FE600AF553E /* Assets.xcassets */,
				DDB63EA728F33FE600AF553E /* Preview Content */,
				DDB63EC228F3521A00AF553E /* ErrorView.swift */,
				DDB63EE428F36DBC00AF553E /* HistoryView.swift */,
				DDB63EC428F3523C00AF553E /* CardView.swift */,
				DDB63EC628F3526C00AF553E /* DetailedEditView.swift */,
				DDB63EC828F352A700AF553E /* ThemePicker.swift */,
				DDB63ECA28F352DD00AF553E /* DetailView.swift */,
				DDB63ECC28F3530800AF553E /* MeetingFooterView.swift */,
				DDB63ECE28F3533300AF553E /* MeetingHeaderView.swift */,
				DDB63ED028F3536500AF553E /* MeetingTimerView.swift */,
				DDB63ED228F353CF00AF553E /* MeetingView.swift */,
				DDB63ED428F353F800AF553E /* ScrumProgressViewStyle.swift */,
				DDB63ED628F3548700AF553E /* ScrumView.swift */,
				DDB63ED828F354D800AF553E /* SpeakerARC.swift */,
				DDB63EDA28F3551C00AF553E /* ThemeView.swift */,
				DDB63EDC28F3555C00AF553E /* TrailingIconLabelStyle.swift */,
				DDB63EE028F36C8500AF553E /* ding.wav */,
			);
			path = Scrumdinger;
			sourceTree = "<group>";
		};
		DDB63EA728F33FE600AF553E /* Preview Content */ = {
			isa = PBXGroup;
			children = (
				DDB63EA828F33FE600AF553E /* Preview Assets.xcassets */,
			);
			path = "Preview Content";
			sourceTree = "<group>";
		};
		DDB63EAF28F3437600AF553E /* Models */ = {
			isa = PBXGroup;
			children = (
				DDB63EB028F3438D00AF553E /* Theme.swift */,
				DDB63EB428F344E700AF553E /* AVPlayer+Ding.swift */,
				DDB63EB628F345B100AF553E /* DailyScrum.swift */,
				DDB63EB828F345CC00AF553E /* ErrorWrapper.swift */,
				DDB63EBC28F3460500AF553E /* History.swift */,
				DDB63EBE28F3467400AF553E /* ScrumStore.swift */,
				DDB63EC028F3509F00AF553E /* ScrumTimer.swift */,
				DDB63EDE28F3643700AF553E /* SpeechRecognizer.swift */,
			);
			path = Models;
			sourceTree = "<group>";
		};
		DDB63EE228F36C8E00AF553E /* Resources */ = {
			isa = PBXGroup;
			children = (
				DDB63EE328F36C9700AF553E /* ding.wav */,
			);
			path = Resources;
			sourceTree = "<group>";
		};
/* End PBXGroup section */

/* Begin PBXNativeTarget section */
		DDB63E9D28F33FE400AF553E /* Scrumdinger */ = {
			isa = PBXNativeTarget;
			buildConfigurationList = DDB63EAC28F33FE600AF553E /* Build configuration list for PBXNativeTarget "Scrumdinger" */;
			buildPhases = (
				DDB63E9A28F33FE400AF553E /* Sources */,
				DDB63E9B28F33FE400AF553E /* Frameworks */,
				DDB63E9C28F33FE400AF553E /* Resources */,
			);
			buildRules = (
			);
			dependencies = (
			);
			name = Scrumdinger;
			productName = Scrumdinger;
			productReference = DDB63E9E28F33FE400AF553E /* Scrumdinger.app */;
			productType = "com.apple.product-type.application";
		};
/* End PBXNativeTarget section */

/* Begin PBXProject section */
		DDB63E9628F33FE400AF553E /* Project object */ = {
			isa = PBXProject;
			attributes = {
				BuildIndependentTargetsInParallel = 1;
				LastSwiftUpdateCheck = 1410;
				LastUpgradeCheck = 1410;
				TargetAttributes = {
					DDB63E9D28F33FE400AF553E = {
						CreatedOnToolsVersion = 14.1;
					};
				};
			};
			buildConfigurationList = DDB63E9928F33FE400AF553E /* Build configuration list for PBXProject "Scrumdinger" */;
			compatibilityVersion = "Xcode 14.0";
			developmentRegion = en;
			hasScannedForEncodings = 0;
			knownRegions = (
				en,
				Base,
			);
			mainGroup = DDB63E9528F33FE400AF553E;
			productRefGroup = DDB63E9F28F33FE400AF553E /* Products */;
			projectDirPath = "";
			projectRoot = "";
			targets = (
				DDB63E9D28F33FE400AF553E /* Scrumdinger */,
			);
		};
/* End PBXProject section */

/* Begin PBXResourcesBuildPhase section */
		DDB63E9C28F33FE400AF553E /* Resources */ = {
			isa = PBXResourcesBuildPhase;
			buildActionMask = 2147483647;
			files = (
				DDB63EE128F36C8500AF553E /* ding.wav in Resources */,
				DDB63EA928F33FE600AF553E /* Preview Assets.xcassets in Resources */,
				DDB63EA628F33FE600AF553E /* Assets.xcassets in Resources */,
			);
			runOnlyForDeploymentPostprocessing = 0;
		};
/* End PBXResourcesBuildPhase section */

/* Begin PBXSourcesBuildPhase section */
		DDB63E9A28F33FE400AF553E /* Sources */ = {
			isa = PBXSourcesBuildPhase;
			buildActionMask = 2147483647;
			files = (
				DDB63ED128F3536500AF553E /* MeetingTimerView.swift in Sources */,
				DDB63EE528F36DBC00AF553E /* HistoryView.swift in Sources */,
				DDB63EDB28F3551C00AF553E /* ThemeView.swift in Sources */,
				DDB63ED528F353F800AF553E /* ScrumProgressViewStyle.swift in Sources */,
				DDB63EB128F3438D00AF553E /* Theme.swift in Sources */,
				DDB63EB928F345CC00AF553E /* ErrorWrapper.swift in Sources */,
				DDB63ECD28F3530800AF553E /* MeetingFooterView.swift in Sources */,
				DDB63EC728F3526C00AF553E /* DetailedEditView.swift in Sources */,
				DDB63ECB28F352DD00AF553E /* DetailView.swift in Sources */,
				DDB63ED728F3548700AF553E /* ScrumView.swift in Sources */,
				DDB63EBF28F3467400AF553E /* ScrumStore.swift in Sources */,
				DDB63EC128F350A000AF553E /* ScrumTimer.swift in Sources */,
				DDB63ED328F353CF00AF553E /* MeetingView.swift in Sources */,
				DDB63EBD28F3460500AF553E /* History.swift in Sources */,
				DDB63EC328F3521A00AF553E /* ErrorView.swift in Sources */,
				DDB63EA228F33FE400AF553E /* ScrumdingerApp.swift in Sources */,
				DDB63EB728F345B100AF553E /* DailyScrum.swift in Sources */,
				DDB63EDF28F3643700AF553E /* SpeechRecognizer.swift in Sources */,
				DDB63EC928F352A700AF553E /* ThemePicker.swift in Sources */,
				DDB63ED928F354D800AF553E /* SpeakerARC.swift in Sources */,
				DDB63EC528F3523C00AF553E /* CardView.swift in Sources */,
				DDB63EB528F344E700AF553E /* AVPlayer+Ding.swift in Sources */,
				DDB63ECF28F3533300AF553E /* MeetingHeaderView.swift in Sources */,
				DDB63EDD28F3555C00AF553E /* TrailingIconLabelStyle.swift in Sources */,
			);
			runOnlyForDeploymentPostprocessing = 0;
		};
/* End PBXSourcesBuildPhase section */

/* Begin XCBuildConfiguration section */
		DDB63EAA28F33FE600AF553E /* Debug */ = {
			isa = XCBuildConfiguration;
			buildSettings = {
				ALWAYS_SEARCH_USER_PATHS = NO;
				CLANG_ANALYZER_NONNULL = YES;
				CLANG_ANALYZER_NUMBER_OBJECT_CONVERSION = YES_AGGRESSIVE;
				CLANG_CXX_LANGUAGE_STANDARD = "gnu++20";
				CLANG_ENABLE_MODULES = YES;
				CLANG_ENABLE_OBJC_ARC = YES;
				CLANG_ENABLE_OBJC_WEAK = YES;
				CLANG_WARN_BLOCK_CAPTURE_AUTORELEASING = YES;
				CLANG_WARN_BOOL_CONVERSION = YES;
				CLANG_WARN_COMMA = YES;
				CLANG_WARN_CONSTANT_CONVERSION = YES;
				CLANG_WARN_DEPRECATED_OBJC_IMPLEMENTATIONS = YES;
				CLANG_WARN_DIRECT_OBJC_ISA_USAGE = YES_ERROR;
				CLANG_WARN_DOCUMENTATION_COMMENTS = YES;
				CLANG_WARN_EMPTY_BODY = YES;
				CLANG_WARN_ENUM_CONVERSION = YES;
				CLANG_WARN_INFINITE_RECURSION = YES;
				CLANG_WARN_INT_CONVERSION = YES;
				CLANG_WARN_NON_LITERAL_NULL_CONVERSION = YES;
				CLANG_WARN_OBJC_IMPLICIT_RETAIN_SELF = YES;
				CLANG_WARN_OBJC_LITERAL_CONVERSION = YES;
				CLANG_WARN_OBJC_ROOT_CLASS = YES_ERROR;
				CLANG_WARN_QUOTED_INCLUDE_IN_FRAMEWORK_HEADER = YES;
				CLANG_WARN_RANGE_LOOP_ANALYSIS = YES;
				CLANG_WARN_STRICT_PROTOTYPES = YES;
				CLANG_WARN_SUSPICIOUS_MOVE = YES;
				CLANG_WARN_UNGUARDED_AVAILABILITY = YES_AGGRESSIVE;
				CLANG_WARN_UNREACHABLE_CODE = YES;
				CLANG_WARN__DUPLICATE_METHOD_MATCH = YES;
				COPY_PHASE_STRIP = NO;
				DEBUG_INFORMATION_FORMAT = dwarf;
				ENABLE_STRICT_OBJC_MSGSEND = YES;
				ENABLE_TESTABILITY = YES;
				GCC_C_LANGUAGE_STANDARD = gnu11;
				GCC_DYNAMIC_NO_PIC = NO;
				GCC_NO_COMMON_BLOCKS = YES;
				GCC_OPTIMIZATION_LEVEL = 0;
				GCC_PREPROCESSOR_DEFINITIONS = (
					"DEBUG=1",
					"$(inherited)",
				);
				GCC_WARN_64_TO_32_BIT_CONVERSION = YES;
				GCC_WARN_ABOUT_RETURN_TYPE = YES_ERROR;
				GCC_WARN_UNDECLARED_SELECTOR = YES;
				GCC_WARN_UNINITIALIZED_AUTOS = YES_AGGRESSIVE;
				GCC_WARN_UNUSED_FUNCTION = YES;
				GCC_WARN_UNUSED_VARIABLE = YES;
				IPHONEOS_DEPLOYMENT_TARGET = 16.1;
				MTL_ENABLE_DEBUG_INFO = INCLUDE_SOURCE;
				MTL_FAST_MATH = YES;
				ONLY_ACTIVE_ARCH = YES;
				SDKROOT = iphoneos;
				SWIFT_ACTIVE_COMPILATION_CONDITIONS = DEBUG;
				SWIFT_OPTIMIZATION_LEVEL = "-Onone";
			};
			name = Debug;
		};
		DDB63EAB28F33FE600AF553E /* Release */ = {
			isa = XCBuildConfiguration;
			buildSettings = {
				ALWAYS_SEARCH_USER_PATHS = NO;
				CLANG_ANALYZER_NONNULL = YES;
				CLANG_ANALYZER_NUMBER_OBJECT_CONVERSION = YES_AGGRESSIVE;
				CLANG_CXX_LANGUAGE_STANDARD = "gnu++20";
				CLANG_ENABLE_MODULES = YES;
				CLANG_ENABLE_OBJC_ARC = YES;
				CLANG_ENABLE_OBJC_WEAK = YES;
				CLANG_WARN_BLOCK_CAPTURE_AUTORELEASING = YES;
				CLANG_WARN_BOOL_CONVERSION = YES;
				CLANG_WARN_COMMA = YES;
				CLANG_WARN_CONSTANT_CONVERSION = YES;
				CLANG_WARN_DEPRECATED_OBJC_IMPLEMENTATIONS = YES;
				CLANG_WARN_DIRECT_OBJC_ISA_USAGE = YES_ERROR;
				CLANG_WARN_DOCUMENTATION_COMMENTS = YES;
				CLANG_WARN_EMPTY_BODY = YES;
				CLANG_WARN_ENUM_CONVERSION = YES;
				CLANG_WARN_INFINITE_RECURSION = YES;
				CLANG_WARN_INT_CONVERSION = YES;
				CLANG_WARN_NON_LITERAL_NULL_CONVERSION = YES;
				CLANG_WARN_OBJC_IMPLICIT_RETAIN_SELF = YES;
				CLANG_WARN_OBJC_LITERAL_CONVERSION = YES;
				CLANG_WARN_OBJC_ROOT_CLASS = YES_ERROR;
				CLANG_WARN_QUOTED_INCLUDE_IN_FRAMEWORK_HEADER = YES;
				CLANG_WARN_RANGE_LOOP_ANALYSIS = YES;
				CLANG_WARN_STRICT_PROTOTYPES = YES;
				CLANG_WARN_SUSPICIOUS_MOVE = YES;
				CLANG_WARN_UNGUARDED_AVAILABILITY = YES_AGGRESSIVE;
				CLANG_WARN_UNREACHABLE_CODE = YES;
				CLANG_WARN__DUPLICATE_METHOD_MATCH = YES;
				COPY_PHASE_STRIP = NO;
				DEBUG_INFORMATION_FORMAT = "dwarf-with-dsym";
				ENABLE_NS_ASSERTIONS = NO;
				ENABLE_STRICT_OBJC_MSGSEND = YES;
				GCC_C_LANGUAGE_STANDARD = gnu11;
				GCC_NO_COMMON_BLOCKS = YES;
				GCC_WARN_64_TO_32_BIT_CONVERSION = YES;
				GCC_WARN_ABOUT_RETURN_TYPE = YES_ERROR;
				GCC_WARN_UNDECLARED_SELECTOR = YES;
				GCC_WARN_UNINITIALIZED_AUTOS = YES_AGGRESSIVE;
				GCC_WARN_UNUSED_FUNCTION = YES;
				GCC_WARN_UNUSED_VARIABLE = YES;
				IPHONEOS_DEPLOYMENT_TARGET = 16.1;
				MTL_ENABLE_DEBUG_INFO = NO;
				MTL_FAST_MATH = YES;
				SDKROOT = iphoneos;
				SWIFT_COMPILATION_MODE = wholemodule;
				SWIFT_OPTIMIZATION_LEVEL = "-O";
				VALIDATE_PRODUCT = YES;
			};
			name = Release;
		};
		DDB63EAD28F33FE600AF553E /* Debug */ = {
			isa = XCBuildConfiguration;
			buildSettings = {
				ASSETCATALOG_COMPILER_APPICON_NAME = AppIcon;
				ASSETCATALOG_COMPILER_GLOBAL_ACCENT_COLOR_NAME = AccentColor;
				CODE_SIGN_STYLE = Automatic;
				CURRENT_PROJECT_VERSION = 1;
				DEVELOPMENT_ASSET_PATHS = "\"Scrumdinger/Preview Content\"";
				ENABLE_PREVIEWS = YES;
				GENERATE_INFOPLIST_FILE = YES;
				INFOPLIST_KEY_NSMicrophoneUsageDescription = "“Audio is recorded to transcribe the meeting. Audio recordings are discarded after transcription.”";
				INFOPLIST_KEY_NSSpeechRecognitionUsageDescription = "\"Recognize speech\"";
				INFOPLIST_KEY_UIApplicationSceneManifest_Generation = YES;
				INFOPLIST_KEY_UIApplicationSupportsIndirectInputEvents = YES;
				INFOPLIST_KEY_UILaunchScreen_Generation = YES;
				INFOPLIST_KEY_UISupportedInterfaceOrientations_iPad = "UIInterfaceOrientationPortrait UIInterfaceOrientationPortraitUpsideDown UIInterfaceOrientationLandscapeLeft UIInterfaceOrientationLandscapeRight";
				INFOPLIST_KEY_UISupportedInterfaceOrientations_iPhone = "UIInterfaceOrientationPortrait UIInterfaceOrientationLandscapeLeft UIInterfaceOrientationLandscapeRight";
				LD_RUNPATH_SEARCH_PATHS = (
					"$(inherited)",
					"@executable_path/Frameworks",
				);
				MARKETING_VERSION = 1.0;
				PRODUCT_BUNDLE_IDENTIFIER = ch.hslu.ios.Scrumdinger;
				PRODUCT_NAME = "$(TARGET_NAME)";
				SWIFT_EMIT_LOC_STRINGS = YES;
				SWIFT_VERSION = 5.0;
				TARGETED_DEVICE_FAMILY = "1,2";
			};
			name = Debug;
		};
		DDB63EAE28F33FE600AF553E /* Release */ = {
			isa = XCBuildConfiguration;
			buildSettings = {
				ASSETCATALOG_COMPILER_APPICON_NAME = AppIcon;
				ASSETCATALOG_COMPILER_GLOBAL_ACCENT_COLOR_NAME = AccentColor;
				CODE_SIGN_STYLE = Automatic;
				CURRENT_PROJECT_VERSION = 1;
				DEVELOPMENT_ASSET_PATHS = "\"Scrumdinger/Preview Content\"";
				ENABLE_PREVIEWS = YES;
				GENERATE_INFOPLIST_FILE = YES;
				INFOPLIST_KEY_NSMicrophoneUsageDescription = "“Audio is recorded to transcribe the meeting. Audio recordings are discarded after transcription.”";
				INFOPLIST_KEY_NSSpeechRecognitionUsageDescription = "\"Recognize speech\"";
				INFOPLIST_KEY_UIApplicationSceneManifest_Generation = YES;
				INFOPLIST_KEY_UIApplicationSupportsIndirectInputEvents = YES;
				INFOPLIST_KEY_UILaunchScreen_Generation = YES;
				INFOPLIST_KEY_UISupportedInterfaceOrientations_iPad = "UIInterfaceOrientationPortrait UIInterfaceOrientationPortraitUpsideDown UIInterfaceOrientationLandscapeLeft UIInterfaceOrientationLandscapeRight";
				INFOPLIST_KEY_UISupportedInterfaceOrientations_iPhone = "UIInterfaceOrientationPortrait UIInterfaceOrientationLandscapeLeft UIInterfaceOrientationLandscapeRight";
				LD_RUNPATH_SEARCH_PATHS = (
					"$(inherited)",
					"@executable_path/Frameworks",
				);
				MARKETING_VERSION = 1.0;
				PRODUCT_BUNDLE_IDENTIFIER = ch.hslu.ios.Scrumdinger;
				PRODUCT_NAME = "$(TARGET_NAME)";
				SWIFT_EMIT_LOC_STRINGS = YES;
				SWIFT_VERSION = 5.0;
				TARGETED_DEVICE_FAMILY = "1,2";
			};
			name = Release;
		};
/* End XCBuildConfiguration section */

/* Begin XCConfigurationList section */
		DDB63E9928F33FE400AF553E /* Build configuration list for PBXProject "Scrumdinger" */ = {
			isa = XCConfigurationList;
			buildConfigurations = (
				DDB63EAA28F33FE600AF553E /* Debug */,
				DDB63EAB28F33FE600AF553E /* Release */,
			);
			defaultConfigurationIsVisible = 0;
			defaultConfigurationName = Release;
		};
		DDB63EAC28F33FE600AF553E /* Build configuration list for PBXNativeTarget "Scrumdinger" */ = {
			isa = XCConfigurationList;
			buildConfigurations = (
				DDB63EAD28F33FE600AF553E /* Debug */,
				DDB63EAE28F33FE600AF553E /* Release */,
			);
			defaultConfigurationIsVisible = 0;
			defaultConfigurationName = Release;
		};
/* End XCConfigurationList section */
	};
	rootObject = DDB63E9628F33FE400AF553E /* Project object */;
}
